// !$*UTF8*$!
{
	archiveVersion = 1;
	classes = {
	};
	objectVersion = 56;
	objects = {

/* Begin PBXBuildFile section */
		532B5AE02C71EF98008650CF /* BuySellRentCell.swift in Sources */ = {isa = PBXBuildFile; fileRef = 532B5ADF2C71EF98008650CF /* BuySellRentCell.swift */; };
		532B5AE22C723715008650CF /* HousesBlockCell.swift in Sources */ = {isa = PBXBuildFile; fileRef = 532B5AE12C723715008650CF /* HousesBlockCell.swift */; };
		532B5AE42C723C91008650CF /* BuySellRentCollection.swift in Sources */ = {isa = PBXBuildFile; fileRef = 532B5AE32C723C91008650CF /* BuySellRentCollection.swift */; };
		532B5AE72C723CE8008650CF /* BuySellRentData.swift in Sources */ = {isa = PBXBuildFile; fileRef = 532B5AE62C723CE8008650CF /* BuySellRentData.swift */; };
		532B5AE92C723D06008650CF /* HousesData.swift in Sources */ = {isa = PBXBuildFile; fileRef = 532B5AE82C723D06008650CF /* HousesData.swift */; };
		533C7DBB2C7128C7002B9EEB /* RegisterViewController.swift in Sources */ = {isa = PBXBuildFile; fileRef = 533C7DBA2C7128C7002B9EEB /* RegisterViewController.swift */; };
		533C7DBE2C71349C002B9EEB /* UIView.ext.swift in Sources */ = {isa = PBXBuildFile; fileRef = 533C7DBD2C71349C002B9EEB /* UIView.ext.swift */; };
		533C7DC02C7139AA002B9EEB /* UITextField.ext.swift in Sources */ = {isa = PBXBuildFile; fileRef = 533C7DBF2C7139AA002B9EEB /* UITextField.ext.swift */; };
		533C7DC22C7147F8002B9EEB /* UIStackView.ext.swift in Sources */ = {isa = PBXBuildFile; fileRef = 533C7DC12C7147F8002B9EEB /* UIStackView.ext.swift */; };
		533C7DC42C714C66002B9EEB /* AuthViewController.swift in Sources */ = {isa = PBXBuildFile; fileRef = 533C7DC32C714C66002B9EEB /* AuthViewController.swift */; };
		5373654E2C70A36A004F1772 /* MainViewController.swift in Sources */ = {isa = PBXBuildFile; fileRef = 5373654D2C70A36A004F1772 /* MainViewController.swift */; };
		537365502C70A3B0004F1772 /* SearchViewController.swift in Sources */ = {isa = PBXBuildFile; fileRef = 5373654F2C70A3B0004F1772 /* SearchViewController.swift */; };
		537365522C70A3DD004F1772 /* FavoriteViewController.swift in Sources */ = {isa = PBXBuildFile; fileRef = 537365512C70A3DD004F1772 /* FavoriteViewController.swift */; };
		537365542C70A402004F1772 /* ServicesViewController.swift in Sources */ = {isa = PBXBuildFile; fileRef = 537365532C70A402004F1772 /* ServicesViewController.swift */; };
		5373655A2C70A7CF004F1772 /* UIBuilder.swift in Sources */ = {isa = PBXBuildFile; fileRef = 537365592C70A7CF004F1772 /* UIBuilder.swift */; };
		53F248412C726F7F0055BA6F /* BuySellRent.swift in Sources */ = {isa = PBXBuildFile; fileRef = 53F248402C726F7F0055BA6F /* BuySellRent.swift */; };
		53F3DEB72C6FEE93002447FB /* AppDelegate.swift in Sources */ = {isa = PBXBuildFile; fileRef = 53F3DEB62C6FEE93002447FB /* AppDelegate.swift */; };
		53F3DEB92C6FEE93002447FB /* SceneDelegate.swift in Sources */ = {isa = PBXBuildFile; fileRef = 53F3DEB82C6FEE93002447FB /* SceneDelegate.swift */; };
		53F3DEC02C6FEE94002447FB /* Assets.xcassets in Resources */ = {isa = PBXBuildFile; fileRef = 53F3DEBF2C6FEE94002447FB /* Assets.xcassets */; };
		53F3DEC32C6FEE94002447FB /* Base in Resources */ = {isa = PBXBuildFile; fileRef = 53F3DEC22C6FEE94002447FB /* Base */; };
		53F3DECE2C6FF092002447FB /* TabBarController.swift in Sources */ = {isa = PBXBuildFile; fileRef = 53F3DECD2C6FF092002447FB /* TabBarController.swift */; };
/* End PBXBuildFile section */

/* Begin PBXFileReference section */
		532B5ADF2C71EF98008650CF /* BuySellRentCell.swift */ = {isa = PBXFileReference; lastKnownFileType = sourcecode.swift; path = BuySellRentCell.swift; sourceTree = "<group>"; };
		532B5AE12C723715008650CF /* HousesBlockCell.swift */ = {isa = PBXFileReference; lastKnownFileType = sourcecode.swift; path = HousesBlockCell.swift; sourceTree = "<group>"; };
		532B5AE32C723C91008650CF /* BuySellRentCollection.swift */ = {isa = PBXFileReference; lastKnownFileType = sourcecode.swift; path = BuySellRentCollection.swift; sourceTree = "<group>"; };
		532B5AE62C723CE8008650CF /* BuySellRentData.swift */ = {isa = PBXFileReference; lastKnownFileType = sourcecode.swift; path = BuySellRentData.swift; sourceTree = "<group>"; };
		532B5AE82C723D06008650CF /* HousesData.swift */ = {isa = PBXFileReference; lastKnownFileType = sourcecode.swift; path = HousesData.swift; sourceTree = "<group>"; };
		533C7DBA2C7128C7002B9EEB /* RegisterViewController.swift */ = {isa = PBXFileReference; lastKnownFileType = sourcecode.swift; path = RegisterViewController.swift; sourceTree = "<group>"; };
		533C7DBD2C71349C002B9EEB /* UIView.ext.swift */ = {isa = PBXFileReference; lastKnownFileType = sourcecode.swift; path = UIView.ext.swift; sourceTree = "<group>"; };
		533C7DBF2C7139AA002B9EEB /* UITextField.ext.swift */ = {isa = PBXFileReference; lastKnownFileType = sourcecode.swift; path = UITextField.ext.swift; sourceTree = "<group>"; };
		533C7DC12C7147F8002B9EEB /* UIStackView.ext.swift */ = {isa = PBXFileReference; lastKnownFileType = sourcecode.swift; path = UIStackView.ext.swift; sourceTree = "<group>"; };
		533C7DC32C714C66002B9EEB /* AuthViewController.swift */ = {isa = PBXFileReference; lastKnownFileType = sourcecode.swift; path = AuthViewController.swift; sourceTree = "<group>"; };
		5373654D2C70A36A004F1772 /* MainViewController.swift */ = {isa = PBXFileReference; lastKnownFileType = sourcecode.swift; path = MainViewController.swift; sourceTree = "<group>"; };
		5373654F2C70A3B0004F1772 /* SearchViewController.swift */ = {isa = PBXFileReference; lastKnownFileType = sourcecode.swift; path = SearchViewController.swift; sourceTree = "<group>"; };
		537365512C70A3DD004F1772 /* FavoriteViewController.swift */ = {isa = PBXFileReference; lastKnownFileType = sourcecode.swift; path = FavoriteViewController.swift; sourceTree = "<group>"; };
		537365532C70A402004F1772 /* ServicesViewController.swift */ = {isa = PBXFileReference; lastKnownFileType = sourcecode.swift; path = ServicesViewController.swift; sourceTree = "<group>"; };
		537365592C70A7CF004F1772 /* UIBuilder.swift */ = {isa = PBXFileReference; lastKnownFileType = sourcecode.swift; path = UIBuilder.swift; sourceTree = "<group>"; };
		53F248402C726F7F0055BA6F /* BuySellRent.swift */ = {isa = PBXFileReference; lastKnownFileType = sourcecode.swift; path = BuySellRent.swift; sourceTree = "<group>"; };
		53F3DEB32C6FEE93002447FB /* LigaStroy.app */ = {isa = PBXFileReference; explicitFileType = wrapper.application; includeInIndex = 0; path = LigaStroy.app; sourceTree = BUILT_PRODUCTS_DIR; };
		53F3DEB62C6FEE93002447FB /* AppDelegate.swift */ = {isa = PBXFileReference; lastKnownFileType = sourcecode.swift; path = AppDelegate.swift; sourceTree = "<group>"; };
		53F3DEB82C6FEE93002447FB /* SceneDelegate.swift */ = {isa = PBXFileReference; lastKnownFileType = sourcecode.swift; path = SceneDelegate.swift; sourceTree = "<group>"; };
		53F3DEBF2C6FEE94002447FB /* Assets.xcassets */ = {isa = PBXFileReference; lastKnownFileType = folder.assetcatalog; path = Assets.xcassets; sourceTree = "<group>"; };
		53F3DEC22C6FEE94002447FB /* Base */ = {isa = PBXFileReference; lastKnownFileType = file.storyboard; name = Base; path = Base.lproj/LaunchScreen.storyboard; sourceTree = "<group>"; };
		53F3DEC42C6FEE94002447FB /* Info.plist */ = {isa = PBXFileReference; lastKnownFileType = text.plist.xml; path = Info.plist; sourceTree = "<group>"; };
		53F3DECD2C6FF092002447FB /* TabBarController.swift */ = {isa = PBXFileReference; lastKnownFileType = sourcecode.swift; path = TabBarController.swift; sourceTree = "<group>"; };
/* End PBXFileReference section */

/* Begin PBXFrameworksBuildPhase section */
		53F3DEB02C6FEE93002447FB /* Frameworks */ = {
			isa = PBXFrameworksBuildPhase;
			buildActionMask = 2147483647;
			files = (
			);
			runOnlyForDeploymentPostprocessing = 0;
		};
/* End PBXFrameworksBuildPhase section */

/* Begin PBXGroup section */
		532B5ADE2C71EF89008650CF /* Cells */ = {
			isa = PBXGroup;
			children = (
				532B5ADF2C71EF98008650CF /* BuySellRentCell.swift */,
				532B5AE12C723715008650CF /* HousesBlockCell.swift */,
				532B5AE32C723C91008650CF /* BuySellRentCollection.swift */,
			);
			path = Cells;
			sourceTree = "<group>";
		};
		532B5AE52C723CD9008650CF /* Structures */ = {
			isa = PBXGroup;
			children = (
				532B5AE62C723CE8008650CF /* BuySellRentData.swift */,
				532B5AE82C723D06008650CF /* HousesData.swift */,
			);
			path = Structures;
			sourceTree = "<group>";
		};
		533C7DBC2C71348B002B9EEB /* Exstensions */ = {
			isa = PBXGroup;
			children = (
				533C7DBD2C71349C002B9EEB /* UIView.ext.swift */,
				533C7DBF2C7139AA002B9EEB /* UITextField.ext.swift */,
				533C7DC12C7147F8002B9EEB /* UIStackView.ext.swift */,
			);
			path = Exstensions;
			sourceTree = "<group>";
		};
		5373654C2C70A34B004F1772 /* Controllers */ = {
			isa = PBXGroup;
			children = (
				533C7DBA2C7128C7002B9EEB /* RegisterViewController.swift */,
				533C7DC32C714C66002B9EEB /* AuthViewController.swift */,
				5373654D2C70A36A004F1772 /* MainViewController.swift */,
				5373654F2C70A3B0004F1772 /* SearchViewController.swift */,
				537365512C70A3DD004F1772 /* FavoriteViewController.swift */,
				537365532C70A402004F1772 /* ServicesViewController.swift */,
			);
			path = Controllers;
			sourceTree = "<group>";
		};
		537365582C70A7C2004F1772 /* Helpers */ = {
			isa = PBXGroup;
			children = (
				533C7DBC2C71348B002B9EEB /* Exstensions */,
				537365592C70A7CF004F1772 /* UIBuilder.swift */,
			);
			path = Helpers;
			sourceTree = "<group>";
		};
		53F2483F2C726F6D0055BA6F /* Blocks */ = {
			isa = PBXGroup;
			children = (
				53F248402C726F7F0055BA6F /* BuySellRent.swift */,
			);
			path = Blocks;
			sourceTree = "<group>";
		};
		53F3DEAA2C6FEE93002447FB = {
			isa = PBXGroup;
			children = (
				53F3DEB52C6FEE93002447FB /* LigaStroy */,
				53F3DEB42C6FEE93002447FB /* Products */,
			);
			sourceTree = "<group>";
		};
		53F3DEB42C6FEE93002447FB /* Products */ = {
			isa = PBXGroup;
			children = (
				53F3DEB32C6FEE93002447FB /* LigaStroy.app */,
			);
			name = Products;
			sourceTree = "<group>";
		};
		53F3DEB52C6FEE93002447FB /* LigaStroy */ = {
			isa = PBXGroup;
			children = (
				53F2483F2C726F6D0055BA6F /* Blocks */,
				532B5AE52C723CD9008650CF /* Structures */,
				532B5ADE2C71EF89008650CF /* Cells */,
				537365582C70A7C2004F1772 /* Helpers */,
				53F3DECA2C6FEEFD002447FB /* TabBar */,
				5373654C2C70A34B004F1772 /* Controllers */,
				53F3DECC2C6FEF3F002447FB /* Application */,
				53F3DECB2C6FEF2A002447FB /* SupportingFiles */,
			);
			path = LigaStroy;
			sourceTree = "<group>";
		};
		53F3DECA2C6FEEFD002447FB /* TabBar */ = {
			isa = PBXGroup;
			children = (
				53F3DECD2C6FF092002447FB /* TabBarController.swift */,
			);
			path = TabBar;
			sourceTree = "<group>";
		};
		53F3DECB2C6FEF2A002447FB /* SupportingFiles */ = {
			isa = PBXGroup;
			children = (
				53F3DEBF2C6FEE94002447FB /* Assets.xcassets */,
				53F3DEC12C6FEE94002447FB /* LaunchScreen.storyboard */,
				53F3DEC42C6FEE94002447FB /* Info.plist */,
			);
			path = SupportingFiles;
			sourceTree = "<group>";
		};
		53F3DECC2C6FEF3F002447FB /* Application */ = {
			isa = PBXGroup;
			children = (
				53F3DEB62C6FEE93002447FB /* AppDelegate.swift */,
				53F3DEB82C6FEE93002447FB /* SceneDelegate.swift */,
			);
			path = Application;
			sourceTree = "<group>";
		};
/* End PBXGroup section */

/* Begin PBXNativeTarget section */
		53F3DEB22C6FEE93002447FB /* LigaStroy */ = {
			isa = PBXNativeTarget;
			buildConfigurationList = 53F3DEC72C6FEE94002447FB /* Build configuration list for PBXNativeTarget "LigaStroy" */;
			buildPhases = (
				53F3DEAF2C6FEE93002447FB /* Sources */,
				53F3DEB02C6FEE93002447FB /* Frameworks */,
				53F3DEB12C6FEE93002447FB /* Resources */,
			);
			buildRules = (
			);
			dependencies = (
			);
			name = LigaStroy;
			productName = LigaStroy;
			productReference = 53F3DEB32C6FEE93002447FB /* LigaStroy.app */;
			productType = "com.apple.product-type.application";
		};
/* End PBXNativeTarget section */

/* Begin PBXProject section */
		53F3DEAB2C6FEE93002447FB /* Project object */ = {
			isa = PBXProject;
			attributes = {
				BuildIndependentTargetsInParallel = 1;
				LastSwiftUpdateCheck = 1530;
				LastUpgradeCheck = 1530;
				TargetAttributes = {
					53F3DEB22C6FEE93002447FB = {
						CreatedOnToolsVersion = 15.3;
					};
				};
			};
			buildConfigurationList = 53F3DEAE2C6FEE93002447FB /* Build configuration list for PBXProject "LigaStroy" */;
			compatibilityVersion = "Xcode 14.0";
			developmentRegion = en;
			hasScannedForEncodings = 0;
			knownRegions = (
				en,
				Base,
			);
			mainGroup = 53F3DEAA2C6FEE93002447FB;
			productRefGroup = 53F3DEB42C6FEE93002447FB /* Products */;
			projectDirPath = "";
			projectRoot = "";
			targets = (
				53F3DEB22C6FEE93002447FB /* LigaStroy */,
			);
		};
/* End PBXProject section */

/* Begin PBXResourcesBuildPhase section */
		53F3DEB12C6FEE93002447FB /* Resources */ = {
			isa = PBXResourcesBuildPhase;
			buildActionMask = 2147483647;
			files = (
				53F3DEC02C6FEE94002447FB /* Assets.xcassets in Resources */,
				53F3DEC32C6FEE94002447FB /* Base in Resources */,
			);
			runOnlyForDeploymentPostprocessing = 0;
		};
/* End PBXResourcesBuildPhase section */

/* Begin PBXSourcesBuildPhase section */
		53F3DEAF2C6FEE93002447FB /* Sources */ = {
			isa = PBXSourcesBuildPhase;
			buildActionMask = 2147483647;
			files = (
				532B5AE92C723D06008650CF /* HousesData.swift in Sources */,
				537365502C70A3B0004F1772 /* SearchViewController.swift in Sources */,
				53F3DECE2C6FF092002447FB /* TabBarController.swift in Sources */,
				533C7DC22C7147F8002B9EEB /* UIStackView.ext.swift in Sources */,
				53F3DEB72C6FEE93002447FB /* AppDelegate.swift in Sources */,
				533C7DBE2C71349C002B9EEB /* UIView.ext.swift in Sources */,
				532B5AE22C723715008650CF /* HousesBlockCell.swift in Sources */,
				5373654E2C70A36A004F1772 /* MainViewController.swift in Sources */,
				532B5AE72C723CE8008650CF /* BuySellRentData.swift in Sources */,
				5373655A2C70A7CF004F1772 /* UIBuilder.swift in Sources */,
				532B5AE02C71EF98008650CF /* BuySellRentCell.swift in Sources */,
				533C7DC02C7139AA002B9EEB /* UITextField.ext.swift in Sources */,
				53F248412C726F7F0055BA6F /* BuySellRent.swift in Sources */,
				533C7DC42C714C66002B9EEB /* AuthViewController.swift in Sources */,
				532B5AE42C723C91008650CF /* BuySellRentCollection.swift in Sources */,
				533C7DBB2C7128C7002B9EEB /* RegisterViewController.swift in Sources */,
				537365542C70A402004F1772 /* ServicesViewController.swift in Sources */,
				537365522C70A3DD004F1772 /* FavoriteViewController.swift in Sources */,
				53F3DEB92C6FEE93002447FB /* SceneDelegate.swift in Sources */,
			);
			runOnlyForDeploymentPostprocessing = 0;
		};
/* End PBXSourcesBuildPhase section */

/* Begin PBXVariantGroup section */
		53F3DEC12C6FEE94002447FB /* LaunchScreen.storyboard */ = {
			isa = PBXVariantGroup;
			children = (
				53F3DEC22C6FEE94002447FB /* Base */,
			);
			name = LaunchScreen.storyboard;
			sourceTree = "<group>";
		};
/* End PBXVariantGroup section */

/* Begin XCBuildConfiguration section */
		53F3DEC52C6FEE94002447FB /* Debug */ = {
			isa = XCBuildConfiguration;
			buildSettings = {
				ALWAYS_SEARCH_USER_PATHS = NO;
				ASSETCATALOG_COMPILER_GENERATE_SWIFT_ASSET_SYMBOL_EXTENSIONS = YES;
				CLANG_ANALYZER_NONNULL = YES;
				CLANG_ANALYZER_NUMBER_OBJECT_CONVERSION = YES_AGGRESSIVE;
				CLANG_CXX_LANGUAGE_STANDARD = "gnu++20";
				CLANG_ENABLE_MODULES = YES;
				CLANG_ENABLE_OBJC_ARC = YES;
				CLANG_ENABLE_OBJC_WEAK = YES;
				CLANG_WARN_BLOCK_CAPTURE_AUTORELEASING = YES;
				CLANG_WARN_BOOL_CONVERSION = YES;
				CLANG_WARN_COMMA = YES;
				CLANG_WARN_CONSTANT_CONVERSION = YES;
				CLANG_WARN_DEPRECATED_OBJC_IMPLEMENTATIONS = YES;
				CLANG_WARN_DIRECT_OBJC_ISA_USAGE = YES_ERROR;
				CLANG_WARN_DOCUMENTATION_COMMENTS = YES;
				CLANG_WARN_EMPTY_BODY = YES;
				CLANG_WARN_ENUM_CONVERSION = YES;
				CLANG_WARN_INFINITE_RECURSION = YES;
				CLANG_WARN_INT_CONVERSION = YES;
				CLANG_WARN_NON_LITERAL_NULL_CONVERSION = YES;
				CLANG_WARN_OBJC_IMPLICIT_RETAIN_SELF = YES;
				CLANG_WARN_OBJC_LITERAL_CONVERSION = YES;
				CLANG_WARN_OBJC_ROOT_CLASS = YES_ERROR;
				CLANG_WARN_QUOTED_INCLUDE_IN_FRAMEWORK_HEADER = YES;
				CLANG_WARN_RANGE_LOOP_ANALYSIS = YES;
				CLANG_WARN_STRICT_PROTOTYPES = YES;
				CLANG_WARN_SUSPICIOUS_MOVE = YES;
				CLANG_WARN_UNGUARDED_AVAILABILITY = YES_AGGRESSIVE;
				CLANG_WARN_UNREACHABLE_CODE = YES;
				CLANG_WARN__DUPLICATE_METHOD_MATCH = YES;
				COPY_PHASE_STRIP = NO;
				DEBUG_INFORMATION_FORMAT = dwarf;
				ENABLE_STRICT_OBJC_MSGSEND = YES;
				ENABLE_TESTABILITY = YES;
				ENABLE_USER_SCRIPT_SANDBOXING = YES;
				GCC_C_LANGUAGE_STANDARD = gnu17;
				GCC_DYNAMIC_NO_PIC = NO;
				GCC_NO_COMMON_BLOCKS = YES;
				GCC_OPTIMIZATION_LEVEL = 0;
				GCC_PREPROCESSOR_DEFINITIONS = (
					"DEBUG=1",
					"$(inherited)",
				);
				GCC_WARN_64_TO_32_BIT_CONVERSION = YES;
				GCC_WARN_ABOUT_RETURN_TYPE = YES_ERROR;
				GCC_WARN_UNDECLARED_SELECTOR = YES;
				GCC_WARN_UNINITIALIZED_AUTOS = YES_AGGRESSIVE;
				GCC_WARN_UNUSED_FUNCTION = YES;
				GCC_WARN_UNUSED_VARIABLE = YES;
				IPHONEOS_DEPLOYMENT_TARGET = 17.4;
				LOCALIZATION_PREFERS_STRING_CATALOGS = YES;
				MTL_ENABLE_DEBUG_INFO = INCLUDE_SOURCE;
				MTL_FAST_MATH = YES;
				ONLY_ACTIVE_ARCH = YES;
				SDKROOT = iphoneos;
				SWIFT_ACTIVE_COMPILATION_CONDITIONS = "DEBUG $(inherited)";
				SWIFT_OPTIMIZATION_LEVEL = "-Onone";
			};
			name = Debug;
		};
		53F3DEC62C6FEE94002447FB /* Release */ = {
			isa = XCBuildConfiguration;
			buildSettings = {
				ALWAYS_SEARCH_USER_PATHS = NO;
				ASSETCATALOG_COMPILER_GENERATE_SWIFT_ASSET_SYMBOL_EXTENSIONS = YES;
				CLANG_ANALYZER_NONNULL = YES;
				CLANG_ANALYZER_NUMBER_OBJECT_CONVERSION = YES_AGGRESSIVE;
				CLANG_CXX_LANGUAGE_STANDARD = "gnu++20";
				CLANG_ENABLE_MODULES = YES;
				CLANG_ENABLE_OBJC_ARC = YES;
				CLANG_ENABLE_OBJC_WEAK = YES;
				CLANG_WARN_BLOCK_CAPTURE_AUTORELEASING = YES;
				CLANG_WARN_BOOL_CONVERSION = YES;
				CLANG_WARN_COMMA = YES;
				CLANG_WARN_CONSTANT_CONVERSION = YES;
				CLANG_WARN_DEPRECATED_OBJC_IMPLEMENTATIONS = YES;
				CLANG_WARN_DIRECT_OBJC_ISA_USAGE = YES_ERROR;
				CLANG_WARN_DOCUMENTATION_COMMENTS = YES;
				CLANG_WARN_EMPTY_BODY = YES;
				CLANG_WARN_ENUM_CONVERSION = YES;
				CLANG_WARN_INFINITE_RECURSION = YES;
				CLANG_WARN_INT_CONVERSION = YES;
				CLANG_WARN_NON_LITERAL_NULL_CONVERSION = YES;
				CLANG_WARN_OBJC_IMPLICIT_RETAIN_SELF = YES;
				CLANG_WARN_OBJC_LITERAL_CONVERSION = YES;
				CLANG_WARN_OBJC_ROOT_CLASS = YES_ERROR;
				CLANG_WARN_QUOTED_INCLUDE_IN_FRAMEWORK_HEADER = YES;
				CLANG_WARN_RANGE_LOOP_ANALYSIS = YES;
				CLANG_WARN_STRICT_PROTOTYPES = YES;
				CLANG_WARN_SUSPICIOUS_MOVE = YES;
				CLANG_WARN_UNGUARDED_AVAILABILITY = YES_AGGRESSIVE;
				CLANG_WARN_UNREACHABLE_CODE = YES;
				CLANG_WARN__DUPLICATE_METHOD_MATCH = YES;
				COPY_PHASE_STRIP = NO;
				DEBUG_INFORMATION_FORMAT = "dwarf-with-dsym";
				ENABLE_NS_ASSERTIONS = NO;
				ENABLE_STRICT_OBJC_MSGSEND = YES;
				ENABLE_USER_SCRIPT_SANDBOXING = YES;
				GCC_C_LANGUAGE_STANDARD = gnu17;
				GCC_NO_COMMON_BLOCKS = YES;
				GCC_WARN_64_TO_32_BIT_CONVERSION = YES;
				GCC_WARN_ABOUT_RETURN_TYPE = YES_ERROR;
				GCC_WARN_UNDECLARED_SELECTOR = YES;
				GCC_WARN_UNINITIALIZED_AUTOS = YES_AGGRESSIVE;
				GCC_WARN_UNUSED_FUNCTION = YES;
				GCC_WARN_UNUSED_VARIABLE = YES;
				IPHONEOS_DEPLOYMENT_TARGET = 17.4;
				LOCALIZATION_PREFERS_STRING_CATALOGS = YES;
				MTL_ENABLE_DEBUG_INFO = NO;
				MTL_FAST_MATH = YES;
				SDKROOT = iphoneos;
				SWIFT_COMPILATION_MODE = wholemodule;
				VALIDATE_PRODUCT = YES;
			};
			name = Release;
		};
		53F3DEC82C6FEE94002447FB /* Debug */ = {
			isa = XCBuildConfiguration;
			buildSettings = {
				ASSETCATALOG_COMPILER_APPICON_NAME = AppIcon;
				ASSETCATALOG_COMPILER_GLOBAL_ACCENT_COLOR_NAME = AccentColor;
				CODE_SIGN_STYLE = Automatic;
				CURRENT_PROJECT_VERSION = 1;
				DEVELOPMENT_TEAM = 6LSSFY6N8C;
				GENERATE_INFOPLIST_FILE = YES;
				INFOPLIST_FILE = LigaStroy/SupportingFiles/Info.plist;
				INFOPLIST_KEY_UIApplicationSupportsIndirectInputEvents = YES;
				INFOPLIST_KEY_UILaunchStoryboardName = LaunchScreen;
				INFOPLIST_KEY_UISupportedInterfaceOrientations_iPad = "UIInterfaceOrientationPortrait UIInterfaceOrientationPortraitUpsideDown UIInterfaceOrientationLandscapeLeft UIInterfaceOrientationLandscapeRight";
				INFOPLIST_KEY_UISupportedInterfaceOrientations_iPhone = "UIInterfaceOrientationPortrait UIInterfaceOrientationLandscapeLeft UIInterfaceOrientationLandscapeRight";
				IPHONEOS_DEPLOYMENT_TARGET = 16.0;
				LD_RUNPATH_SEARCH_PATHS = (
					"$(inherited)",
					"@executable_path/Frameworks",
				);
				MARKETING_VERSION = 1.0;
				PRODUCT_BUNDLE_IDENTIFIER = com.webdmitriev.LigaStroy;
				PRODUCT_NAME = "$(TARGET_NAME)";
				SWIFT_EMIT_LOC_STRINGS = YES;
				SWIFT_VERSION = 5.0;
				TARGETED_DEVICE_FAMILY = "1,2";
			};
			name = Debug;
		};
		53F3DEC92C6FEE94002447FB /* Release */ = {
			isa = XCBuildConfiguration;
			buildSettings = {
				ASSETCATALOG_COMPILER_APPICON_NAME = AppIcon;
				ASSETCATALOG_COMPILER_GLOBAL_ACCENT_COLOR_NAME = AccentColor;
				CODE_SIGN_STYLE = Automatic;
				CURRENT_PROJECT_VERSION = 1;
				DEVELOPMENT_TEAM = 6LSSFY6N8C;
				GENERATE_INFOPLIST_FILE = YES;
				INFOPLIST_FILE = LigaStroy/SupportingFiles/Info.plist;
				INFOPLIST_KEY_UIApplicationSupportsIndirectInputEvents = YES;
				INFOPLIST_KEY_UILaunchStoryboardName = LaunchScreen;
				INFOPLIST_KEY_UISupportedInterfaceOrientations_iPad = "UIInterfaceOrientationPortrait UIInterfaceOrientationPortraitUpsideDown UIInterfaceOrientationLandscapeLeft UIInterfaceOrientationLandscapeRight";
				INFOPLIST_KEY_UISupportedInterfaceOrientations_iPhone = "UIInterfaceOrientationPortrait UIInterfaceOrientationLandscapeLeft UIInterfaceOrientationLandscapeRight";
				IPHONEOS_DEPLOYMENT_TARGET = 16.0;
				LD_RUNPATH_SEARCH_PATHS = (
					"$(inherited)",
					"@executable_path/Frameworks",
				);
				MARKETING_VERSION = 1.0;
				PRODUCT_BUNDLE_IDENTIFIER = com.webdmitriev.LigaStroy;
				PRODUCT_NAME = "$(TARGET_NAME)";
				SWIFT_EMIT_LOC_STRINGS = YES;
				SWIFT_VERSION = 5.0;
				TARGETED_DEVICE_FAMILY = "1,2";
			};
			name = Release;
		};
/* End XCBuildConfiguration section */

/* Begin XCConfigurationList section */
		53F3DEAE2C6FEE93002447FB /* Build configuration list for PBXProject "LigaStroy" */ = {
			isa = XCConfigurationList;
			buildConfigurations = (
				53F3DEC52C6FEE94002447FB /* Debug */,
				53F3DEC62C6FEE94002447FB /* Release */,
			);
			defaultConfigurationIsVisible = 0;
			defaultConfigurationName = Release;
		};
		53F3DEC72C6FEE94002447FB /* Build configuration list for PBXNativeTarget "LigaStroy" */ = {
			isa = XCConfigurationList;
			buildConfigurations = (
				53F3DEC82C6FEE94002447FB /* Debug */,
				53F3DEC92C6FEE94002447FB /* Release */,
			);
			defaultConfigurationIsVisible = 0;
			defaultConfigurationName = Release;
		};
/* End XCConfigurationList section */
	};
	rootObject = 53F3DEAB2C6FEE93002447FB /* Project object */;
}
